{
  "originHash" : "0df71a59589aac214a0b7f508f36382cc016dc2274bd816305c01234202c1c62",
  "pins" : [
    {
      "identity" : "idwise-ios-sdk",
      "kind" : "remoteSourceControl",
      "location" : "https://github.com/idwise/idwise-ios-sdk.git",
      "state" : {
        "revision" : "a95f1fa7542e122ccd1d096c11a7caa7e5dd385e",
        "version" : "5.5.2"
      }
    }
  ],
  "version" : 3
}
